
Microsoft Visual Studio Solution File, Format Version 12.00
# Visual Studio Version 17
VisualStudioVersion = 17.10.35027.167
MinimumVisualStudioVersion = 10.0.40219.1
Project("{2150E333-8FDC-42A3-9474-1A3956D46DE8}") = "infra", "infra", "{0AFB4314-CA33-4726-A478-A58C4A8F1B90}"
	ProjectSection(SolutionItems) = preProject
		infra\sample.yaml = infra\sample.yaml
	EndProjectSection
EndProject
Project("{2150E333-8FDC-42A3-9474-1A3956D46DE8}") = "Functions", "Functions", "{4F16DD18-8964-4088-B085-EFC21DA956C2}"
EndProject
Project("{2150E333-8FDC-42A3-9474-1A3956D46DE8}") = "Services", "Services", "{38B13A26-7F27-4BEA-939A-A97FBA21AE99}"
EndProject
Project("{FAE04EC0-301F-11D3-BF4B-00C04F79EFBC}") = "UserService", "Services\UserService\UserService.csproj", "{107AE5CF-BE4F-470B-9E18-6EA6EEC96FC3}"
EndProject
Project("{FAE04EC0-301F-11D3-BF4B-00C04F79EFBC}") = "NotificationFunction", "Functions\NotificationFunction\NotificationFunction.csproj", "{5AEC2B44-A254-45E1-A503-CE4C3B27D278}"
EndProject
Global
	GlobalSection(SolutionConfigurationPlatforms) = preSolution
		Debug|Any CPU = Debug|Any CPU
		Release|Any CPU = Release|Any CPU
	EndGlobalSection
	GlobalSection(ProjectConfigurationPlatforms) = postSolution
		{107AE5CF-BE4F-470B-9E18-6EA6EEC96FC3}.Debug|Any CPU.ActiveCfg = Debug|Any CPU
		{107AE5CF-BE4F-470B-9E18-6EA6EEC96FC3}.Debug|Any CPU.Build.0 = Debug|Any CPU
		{107AE5CF-BE4F-470B-9E18-6EA6EEC96FC3}.Release|Any CPU.ActiveCfg = Release|Any CPU
		{107AE5CF-BE4F-470B-9E18-6EA6EEC96FC3}.Release|Any CPU.Build.0 = Release|Any CPU
		{5AEC2B44-A254-45E1-A503-CE4C3B27D278}.Debug|Any CPU.ActiveCfg = Debug|Any CPU
		{5AEC2B44-A254-45E1-A503-CE4C3B27D278}.Debug|Any CPU.Build.0 = Debug|Any CPU
		{5AEC2B44-A254-45E1-A503-CE4C3B27D278}.Release|Any CPU.ActiveCfg = Release|Any CPU
		{5AEC2B44-A254-45E1-A503-CE4C3B27D278}.Release|Any CPU.Build.0 = Release|Any CPU
	EndGlobalSection
	GlobalSection(SolutionProperties) = preSolution
		HideSolutionNode = FALSE
	EndGlobalSection
	GlobalSection(NestedProjects) = preSolution
		{107AE5CF-BE4F-470B-9E18-6EA6EEC96FC3} = {38B13A26-7F27-4BEA-939A-A97FBA21AE99}
		{5AEC2B44-A254-45E1-A503-CE4C3B27D278} = {4F16DD18-8964-4088-B085-EFC21DA956C2}
	EndGlobalSection
	GlobalSection(ExtensibilityGlobals) = postSolution
		SolutionGuid = {7F00C589-974F-4187-BF0C-CC10607B6A73}
	EndGlobalSection
EndGlobal
